
Microsoft Visual Studio Solution File, Format Version 12.00
# Visual Studio 2013
VisualStudioVersion = 12.0.21005.1
MinimumVisualStudioVersion = 10.0.40219.1
Project("{FAE04EC0-301F-11D3-BF4B-00C04F79EFBC}") = "ConsoleHelloWorld", "ConsoleHelloWorld\ConsoleHelloWorld.csproj", "{47DC3AF2-5C19-402C-906A-79231B48708F}"
EndProject
Project("{FAE04EC0-301F-11D3-BF4B-00C04F79EFBC}") = "SupperCalculaters", "SupperCalculaters\SupperCalculaters.csproj", "{56537685-4B71-4C26-B1F2-403CDEB4A34E}"
EndProject
Global
	GlobalSection(SolutionConfigurationPlatforms) = preSolution
		Debug|Any CPU = Debug|Any CPU
		Release|Any CPU = Release|Any CPU
	EndGlobalSection
	GlobalSection(ProjectConfigurationPlatforms) = postSolution
		{47DC3AF2-5C19-402C-906A-79231B48708F}.Debug|Any CPU.ActiveCfg = Debug|Any CPU
		{47DC3AF2-5C19-402C-906A-79231B48708F}.Debug|Any CPU.Build.0 = Debug|Any CPU
		{47DC3AF2-5C19-402C-906A-79231B48708F}.Release|Any CPU.ActiveCfg = Release|Any CPU
		{47DC3AF2-5C19-402C-906A-79231B48708F}.Release|Any CPU.Build.0 = Release|Any CPU
		{56537685-4B71-4C26-B1F2-403CDEB4A34E}.Debug|Any CPU.ActiveCfg = Debug|Any CPU
		{56537685-4B71-4C26-B1F2-403CDEB4A34E}.Debug|Any CPU.Build.0 = Debug|Any CPU
		{56537685-4B71-4C26-B1F2-403CDEB4A34E}.Release|Any CPU.ActiveCfg = Release|Any CPU
		{56537685-4B71-4C26-B1F2-403CDEB4A34E}.Release|Any CPU.Build.0 = Release|Any CPU
	EndGlobalSection
	GlobalSection(SolutionProperties) = preSolution
		HideSolutionNode = FALSE
	EndGlobalSection
EndGlobal
