
Microsoft Visual Studio Solution File, Format Version 12.00
# Visual Studio 2013
VisualStudioVersion = 12.0.21005.1
MinimumVisualStudioVersion = 10.0.40219.1
Project("{FAE04EC0-301F-11D3-BF4B-00C04F79EFBC}") = "ClassIdentifierExample", "ClassIdentifierExample\ClassIdentifierExample.csproj", "{CC45DC19-4182-4249-9BB6-843D1A944229}"
EndProject
Project("{FAE04EC0-301F-11D3-BF4B-00C04F79EFBC}") = "MyLibrary", "MyLibrary\MyLibrary.csproj", "{F76B194E-9FCA-40D5-AD4B-F5330302969F}"
EndProject
Global
	GlobalSection(SolutionConfigurationPlatforms) = preSolution
		Debug|Any CPU = Debug|Any CPU
		Release|Any CPU = Release|Any CPU
	EndGlobalSection
	GlobalSection(ProjectConfigurationPlatforms) = postSolution
		{CC45DC19-4182-4249-9BB6-843D1A944229}.Debug|Any CPU.ActiveCfg = Debug|Any CPU
		{CC45DC19-4182-4249-9BB6-843D1A944229}.Debug|Any CPU.Build.0 = Debug|Any CPU
		{CC45DC19-4182-4249-9BB6-843D1A944229}.Release|Any CPU.ActiveCfg = Release|Any CPU
		{CC45DC19-4182-4249-9BB6-843D1A944229}.Release|Any CPU.Build.0 = Release|Any CPU
		{F76B194E-9FCA-40D5-AD4B-F5330302969F}.Debug|Any CPU.ActiveCfg = Debug|Any CPU
		{F76B194E-9FCA-40D5-AD4B-F5330302969F}.Debug|Any CPU.Build.0 = Debug|Any CPU
		{F76B194E-9FCA-40D5-AD4B-F5330302969F}.Release|Any CPU.ActiveCfg = Release|Any CPU
		{F76B194E-9FCA-40D5-AD4B-F5330302969F}.Release|Any CPU.Build.0 = Release|Any CPU
	EndGlobalSection
	GlobalSection(SolutionProperties) = preSolution
		HideSolutionNode = FALSE
	EndGlobalSection
EndGlobal
