
Microsoft Visual Studio Solution File, Format Version 12.00
# Visual Studio 2013
VisualStudioVersion = 12.0.21005.1
MinimumVisualStudioVersion = 10.0.40219.1
Project("{FAE04EC0-301F-11D3-BF4B-00C04F79EFBC}") = "The_access_level_class_Example", "The_access_level_class_Example\The_access_level_class_Example.csproj", "{5B29F81E-BD5E-4973-B913-FDDBD0C6DA18}"
EndProject
Project("{FAE04EC0-301F-11D3-BF4B-00C04F79EFBC}") = "MyLib", "MyLib\MyLib.csproj", "{A506DF3A-19BF-4D15-BE55-A48B7F0B8434}"
EndProject
Global
	GlobalSection(SolutionConfigurationPlatforms) = preSolution
		Debug|Any CPU = Debug|Any CPU
		Release|Any CPU = Release|Any CPU
	EndGlobalSection
	GlobalSection(ProjectConfigurationPlatforms) = postSolution
		{5B29F81E-BD5E-4973-B913-FDDBD0C6DA18}.Debug|Any CPU.ActiveCfg = Debug|Any CPU
		{5B29F81E-BD5E-4973-B913-FDDBD0C6DA18}.Debug|Any CPU.Build.0 = Debug|Any CPU
		{5B29F81E-BD5E-4973-B913-FDDBD0C6DA18}.Release|Any CPU.ActiveCfg = Release|Any CPU
		{5B29F81E-BD5E-4973-B913-FDDBD0C6DA18}.Release|Any CPU.Build.0 = Release|Any CPU
		{A506DF3A-19BF-4D15-BE55-A48B7F0B8434}.Debug|Any CPU.ActiveCfg = Debug|Any CPU
		{A506DF3A-19BF-4D15-BE55-A48B7F0B8434}.Debug|Any CPU.Build.0 = Debug|Any CPU
		{A506DF3A-19BF-4D15-BE55-A48B7F0B8434}.Release|Any CPU.ActiveCfg = Release|Any CPU
		{A506DF3A-19BF-4D15-BE55-A48B7F0B8434}.Release|Any CPU.Build.0 = Release|Any CPU
	EndGlobalSection
	GlobalSection(SolutionProperties) = preSolution
		HideSolutionNode = FALSE
	EndGlobalSection
EndGlobal
